
Microsoft Visual Studio Solution File, Format Version 11.00
# Visual Studio 2010
Project("{FAE04EC0-301F-11D3-BF4B-00C04F79EFBC}") = "BonjourQui", "BonjourQui\BonjourQui.csproj", "{32E82688-E196-4CEF-980D-C07202DF8ECB}"
EndProject
Global
	GlobalSection(SolutionConfigurationPlatforms) = preSolution
		Debug|Any CPU = Debug|Any CPU
		Release|Any CPU = Release|Any CPU
	EndGlobalSection
	GlobalSection(ProjectConfigurationPlatforms) = postSolution
		{32E82688-E196-4CEF-980D-C07202DF8ECB}.Debug|Any CPU.ActiveCfg = Debug|Any CPU
		{32E82688-E196-4CEF-980D-C07202DF8ECB}.Debug|Any CPU.Build.0 = Debug|Any CPU
		{32E82688-E196-4CEF-980D-C07202DF8ECB}.Release|Any CPU.ActiveCfg = Release|Any CPU
		{32E82688-E196-4CEF-980D-C07202DF8ECB}.Release|Any CPU.Build.0 = Release|Any CPU
	EndGlobalSection
	GlobalSection(SolutionProperties) = preSolution
		HideSolutionNode = FALSE
	EndGlobalSection
EndGlobal
