
Microsoft Visual Studio Solution File, Format Version 12.00
# Visual Studio Version 16
VisualStudioVersion = 16.0.28917.181
MinimumVisualStudioVersion = 10.0.40219.1
Project("{FAE04EC0-301F-11D3-BF4B-00C04F79EFBC}") = "Calculette", "Calculette\Calculette.csproj", "{A38FE64F-725E-4937-A656-D81837CA066B}"
EndProject
Global
	GlobalSection(SolutionConfigurationPlatforms) = preSolution
		Debug|Any CPU = Debug|Any CPU
		Release|Any CPU = Release|Any CPU
	EndGlobalSection
	GlobalSection(ProjectConfigurationPlatforms) = postSolution
		{A38FE64F-725E-4937-A656-D81837CA066B}.Debug|Any CPU.ActiveCfg = Debug|Any CPU
		{A38FE64F-725E-4937-A656-D81837CA066B}.Debug|Any CPU.Build.0 = Debug|Any CPU
		{A38FE64F-725E-4937-A656-D81837CA066B}.Release|Any CPU.ActiveCfg = Release|Any CPU
		{A38FE64F-725E-4937-A656-D81837CA066B}.Release|Any CPU.Build.0 = Release|Any CPU
	EndGlobalSection
	GlobalSection(SolutionProperties) = preSolution
		HideSolutionNode = FALSE
	EndGlobalSection
	GlobalSection(ExtensibilityGlobals) = postSolution
		SolutionGuid = {CA89B5C7-ED08-4075-A4F9-F72944BE5D0C}
	EndGlobalSection
EndGlobal
