
Microsoft Visual Studio Solution File, Format Version 12.00
# Visual Studio 15
VisualStudioVersion = 15.0.27428.2043
MinimumVisualStudioVersion = 10.0.40219.1
Project("{FAE04EC0-301F-11D3-BF4B-00C04F79EFBC}") = "Déductions", "Déductions\Déductions.csproj", "{2D9AAB88-8486-49BD-9261-DFE2009E887D}"
EndProject
Global
	GlobalSection(SolutionConfigurationPlatforms) = preSolution
		Debug|Any CPU = Debug|Any CPU
		Release|Any CPU = Release|Any CPU
	EndGlobalSection
	GlobalSection(ProjectConfigurationPlatforms) = postSolution
		{2D9AAB88-8486-49BD-9261-DFE2009E887D}.Debug|Any CPU.ActiveCfg = Debug|Any CPU
		{2D9AAB88-8486-49BD-9261-DFE2009E887D}.Debug|Any CPU.Build.0 = Debug|Any CPU
		{2D9AAB88-8486-49BD-9261-DFE2009E887D}.Release|Any CPU.ActiveCfg = Release|Any CPU
		{2D9AAB88-8486-49BD-9261-DFE2009E887D}.Release|Any CPU.Build.0 = Release|Any CPU
	EndGlobalSection
	GlobalSection(SolutionProperties) = preSolution
		HideSolutionNode = FALSE
	EndGlobalSection
	GlobalSection(ExtensibilityGlobals) = postSolution
		SolutionGuid = {CEB9EF29-3515-40E5-B4DB-33AAD04E8D96}
	EndGlobalSection
EndGlobal
